
Microsoft Visual Studio Solution File, Format Version 12.00
# Visual Studio Version 16
VisualStudioVersion = 16.0.30611.23
MinimumVisualStudioVersion = 10.0.40219.1
Project("{9A19103F-16F7-4668-BE54-9A1E7A4F7556}") = "Primitives.IO", "Primitives.IO\Primitives.IO.csproj", "{F781745C-DBBA-47DF-94B1-0A2797E4A7DF}"
EndProject
Project("{9A19103F-16F7-4668-BE54-9A1E7A4F7556}") = "Profile.Domain", "Profile.Domain\Profile.Domain.csproj", "{96616C5D-62E7-448E-AF80-96E8C72ABA05}"
EndProject
Project("{9A19103F-16F7-4668-BE54-9A1E7A4F7556}") = "Test.App", "Test.App\Test.App.csproj", "{1C031A2E-3E93-4BE8-8E1C-81E0FDB892FF}"
EndProject
Global
	GlobalSection(SolutionConfigurationPlatforms) = preSolution
		Debug|Any CPU = Debug|Any CPU
		Release|Any CPU = Release|Any CPU
	EndGlobalSection
	GlobalSection(ProjectConfigurationPlatforms) = postSolution
		{F781745C-DBBA-47DF-94B1-0A2797E4A7DF}.Debug|Any CPU.ActiveCfg = Debug|Any CPU
		{F781745C-DBBA-47DF-94B1-0A2797E4A7DF}.Debug|Any CPU.Build.0 = Debug|Any CPU
		{F781745C-DBBA-47DF-94B1-0A2797E4A7DF}.Release|Any CPU.ActiveCfg = Release|Any CPU
		{F781745C-DBBA-47DF-94B1-0A2797E4A7DF}.Release|Any CPU.Build.0 = Release|Any CPU
		{96616C5D-62E7-448E-AF80-96E8C72ABA05}.Debug|Any CPU.ActiveCfg = Debug|Any CPU
		{96616C5D-62E7-448E-AF80-96E8C72ABA05}.Debug|Any CPU.Build.0 = Debug|Any CPU
		{96616C5D-62E7-448E-AF80-96E8C72ABA05}.Release|Any CPU.ActiveCfg = Release|Any CPU
		{96616C5D-62E7-448E-AF80-96E8C72ABA05}.Release|Any CPU.Build.0 = Release|Any CPU
		{1C031A2E-3E93-4BE8-8E1C-81E0FDB892FF}.Debug|Any CPU.ActiveCfg = Debug|Any CPU
		{1C031A2E-3E93-4BE8-8E1C-81E0FDB892FF}.Debug|Any CPU.Build.0 = Debug|Any CPU
		{1C031A2E-3E93-4BE8-8E1C-81E0FDB892FF}.Release|Any CPU.ActiveCfg = Release|Any CPU
		{1C031A2E-3E93-4BE8-8E1C-81E0FDB892FF}.Release|Any CPU.Build.0 = Release|Any CPU
	EndGlobalSection
	GlobalSection(SolutionProperties) = preSolution
		HideSolutionNode = FALSE
	EndGlobalSection
	GlobalSection(ExtensibilityGlobals) = postSolution
		SolutionGuid = {A9671509-D884-43F7-B315-91F60D12BB8A}
	EndGlobalSection
EndGlobal
